{
  "name": "@forkzero/s3-website-test-kit",
  "version": "0.3.0",
  "lockfileVersion": 3,
  "requires": true,
  "packages": {
    "": {
      "name": "@forkzero/s3-website-test-kit",
      "version": "0.3.0",
      "license": "Apache-2.0",
      "bin": {
        "s3-website-perf-compare": "utils/results-parser.js"
      },
      "engines": {
        "node": ">=22.13.0"
      },
      "peerDependencies": {
        "artillery": "^2.0.33"
      },
      "peerDependenciesMeta": {
        "artillery": {
          "optional": true
        }
      }
    }
  }
}
